<?xml version="1.0" encoding="utf-8"?>
<Project ToolsVersion="4.0" xmlns="http://schemas.microsoft.com/developer/msbuild/2003">
  <ItemGroup>
    <ClCompile Include="..\vulkan_buffer.cpp" />
    <ClCompile Include="..\common\utils.cpp">
      <Filter>common</Filter>
    </ClCompile>
  </ItemGroup>
  <ItemGroup>
    <Filter Include="common">
      <UniqueIdentifier>{7db24c10-8d34-4296-8497-b746532486e3}</UniqueIdentifier>
    </Filter>
  </ItemGroup>
  <ItemGroup>
    <ClInclude Include="..\common\utils.h">
      <Filter>common</Filter>
    </ClInclude>
    <ClInclude Include="..\common\vk_bind_buffer_memory.h">
      <Filter>common</Filter>
    </ClInclude>
    <ClInclude Include="..\common\vk_alloc_buffer.h">
      <Filter>common</Filter>
    </ClInclude>
    <ClInclude Include="..\common\vk_buffer.h">
      <Filter>common</Filter>
    </ClInclude>
    <ClInclude Include="..\common\vk_result.h">
      <Filter>common</Filter>
    </ClInclude>
  </ItemGroup>
</Project>