<?xml version="1.0" encoding="utf-8"?>
<Project ToolsVersion="4.0" xmlns="http://schemas.microsoft.com/developer/msbuild/2003">
  <ItemGroup>
    <ClCompile Include="..\common\utils.cpp">
      <Filter>common</Filter>
    </ClCompile>
    <ClCompile Include="..\vulkan_find_matching_physical_device.cpp" />
  </ItemGroup>
  <ItemGroup>
    <Filter Include="common">
      <UniqueIdentifier>{1d99bb81-24da-428a-b4e9-3e02358b41bb}</UniqueIdentifier>
    </Filter>
  </ItemGroup>
  <ItemGroup>
    <ClInclude Include="..\common\utils.h">
      <Filter>common</Filter>
    </ClInclude>
  </ItemGroup>
</Project>